
Microsoft Visual Studio Solution File, Format Version 12.00
# Visual Studio Version 17
VisualStudioVersion = 17.0.32112.339
MinimumVisualStudioVersion = 10.0.40219.1
Project("{FAE04EC0-301F-11D3-BF4B-00C04F79EFBC}") = "Euler", "Euler\Euler.csproj", "{77768C21-0BB5-481D-AC0F-07690F5F752A}"
EndProject
Global
	GlobalSection(SolutionConfigurationPlatforms) = preSolution
		Debug|Any CPU = Debug|Any CPU
		Release|Any CPU = Release|Any CPU
	EndGlobalSection
	GlobalSection(ProjectConfigurationPlatforms) = postSolution
		{77768C21-0BB5-481D-AC0F-07690F5F752A}.Debug|Any CPU.ActiveCfg = Debug|Any CPU
		{77768C21-0BB5-481D-AC0F-07690F5F752A}.Debug|Any CPU.Build.0 = Debug|Any CPU
		{77768C21-0BB5-481D-AC0F-07690F5F752A}.Release|Any CPU.ActiveCfg = Release|Any CPU
		{77768C21-0BB5-481D-AC0F-07690F5F752A}.Release|Any CPU.Build.0 = Release|Any CPU
	EndGlobalSection
	GlobalSection(SolutionProperties) = preSolution
		HideSolutionNode = FALSE
	EndGlobalSection
	GlobalSection(ExtensibilityGlobals) = postSolution
		SolutionGuid = {FC57A1A1-95B8-4617-A399-64F66068B1A5}
	EndGlobalSection
EndGlobal
